<?xml version="1.0" encoding="UTF-8"?>
<!DOCTYPE plist PUBLIC "-//Apple//DTD PLIST 1.0//EN" "http://www.apple.com/DTDs/PropertyList-1.0.dtd">
<plist version="1.0">
<dict>
	<key>archiveVersion</key>
	<string>1</string>
	<key>classes</key>
	<dict/>
	<key>objectVersion</key>
	<string>46</string>
	<key>objects</key>
	<dict>
		<key>1a7937c57c505f6ceb9e9fa5</key>
		<dict>
			<key>fileRef</key>
			<string>49638C6F1B32F28D009177FE</string>
			<key>isa</key>
			<string>PBXBuildFile</string>
		</dict>
		<key>1dd4a117c8823a42e827ed95</key>
		<dict>
			<key>fileRef</key>
			<string>490FF1A21B32EC6D001B865E</string>
			<key>isa</key>
			<string>PBXBuildFile</string>
		</dict>
		<key>2d54a46bc79d9fcd4ae8dfee</key>
		<dict>
			<key>fileRef</key>
			<string>490FF1AF1B32EC6D001B865E</string>
			<key>isa</key>
			<string>PBXBuildFile</string>
		</dict>
		<key>33ce4922d09a210c076586ce</key>
		<dict>
			<key>buildActionMask</key>
			<string>2147483647</string>
			<key>files</key>
			<array>
				<string>6e0ab5c0433acc4bf230d50a</string>
				<string>1dd4a117c8823a42e827ed95</string>
				<string>df91bb00c21be78b095c4ab1</string>
				<string>80b9fead4e7efffb3fe33a00</string>
			</array>
			<key>isa</key>
			<string>PBXSourcesBuildPhase</string>
			<key>runOnlyForDeploymentPostprocessing</key>
			<string>0</string>
		</dict>
		<key>3b0849da9238ebf0cf5aa713</key>
		<dict>
			<key>fileEncoding</key>
			<string>4</string>
			<key>isa</key>
			<string>PBXFileReference</string>
			<key>lastKnownFileType</key>
			<string>wrapper.framework</string>
			<key>name</key>
			<string>CFNetwork.framework</string>
			<key>path</key>
			<string>System/Library/Frameworks/CFNetwork.framework</string>
			<key>sourceTree</key>
			<string>SDKROOT</string>
		</dict>
		<key>3cfa0afc6e6dbad0e4caa557</key>
		<dict>
			<key>fileRef</key>
			<string>490FF1AD1B32EC6D001B865E</string>
			<key>isa</key>
			<string>PBXBuildFile</string>
		</dict>
		<key>4266d292b7938d5fe8325b11</key>
		<dict>
			<key>fileRef</key>
			<string>3b0849da9238ebf0cf5aa713</string>
			<key>isa</key>
			<string>PBXBuildFile</string>
		</dict>
		<key>490FF1911B32EC6D001B865E</key>
		<dict>
			<key>children</key>
			<array>
				<string>49638C711B32F299009177FE</string>
				<string>490FF19C1B32EC6D001B865E</string>
				<string>490FF1B91B32EC6D001B865E</string>
				<string>490FF19B1B32EC6D001B865E</string>
			</array>
			<key>isa</key>
			<string>PBXGroup</string>
			<key>sourceTree</key>
			<string>&lt;group&gt;</string>
		</dict>
		<key>490FF1921B32EC6D001B865E</key>
		<dict>
			<key>attributes</key>
			<dict>
				<key>LastUpgradeCheck</key>
				<string>0630</string>
				<key>ORGANIZATIONNAME</key>
				<string>SPin42</string>
				<key>TargetAttributes</key>
				<dict>
					<key>490FF1991B32EC6D001B865E</key>
					<dict>
						<key>CreatedOnToolsVersion</key>
						<string>6.3.2</string>
					</dict>
					<key>490FF1B51B32EC6D001B865E</key>
					<dict>
						<key>CreatedOnToolsVersion</key>
						<string>6.3.2</string>
						<key>TestTargetID</key>
						<string>490FF1991B32EC6D001B865E</string>
					</dict>
				</dict>
			</dict>
			<key>buildConfigurationList</key>
			<string>490FF1951B32EC6D001B865E</string>
			<key>compatibilityVersion</key>
			<string>Xcode 3.2</string>
			<key>developmentRegion</key>
			<string>English</string>
			<key>hasScannedForEncodings</key>
			<string>0</string>
			<key>isa</key>
			<string>PBXProject</string>
			<key>knownRegions</key>
			<array>
				<string>en</string>
				<string>Base</string>
			</array>
			<key>mainGroup</key>
			<string>490FF1911B32EC6D001B865E</string>
			<key>productRefGroup</key>
			<string>490FF19B1B32EC6D001B865E</string>
			<key>projectDirPath</key>
			<string></string>
			<key>projectRoot</key>
			<string></string>
			<key>targets</key>
			<array>
				<string>490FF1991B32EC6D001B865E</string>
				<string>490FF1B51B32EC6D001B865E</string>
				<string>60ae8b32f549b603c41e141b</string>
			</array>
		</dict>
		<key>490FF1951B32EC6D001B865E</key>
		<dict>
			<key>buildConfigurations</key>
			<array>
				<string>490FF1BE1B32EC6D001B865E</string>
				<string>490FF1BF1B32EC6D001B865E</string>
			</array>
			<key>defaultConfigurationIsVisible</key>
			<string>0</string>
			<key>defaultConfigurationName</key>
			<string>Release</string>
			<key>isa</key>
			<string>XCConfigurationList</string>
		</dict>
		<key>490FF1961B32EC6D001B865E</key>
		<dict>
			<key>buildActionMask</key>
			<string>2147483647</string>
			<key>files</key>
			<array>
				<string>490FF1A91B32EC6D001B865E</string>
				<string>490FF1A31B32EC6D001B865E</string>
				<string>490FF1A61B32EC6D001B865E</string>
				<string>490FF1A01B32EC6D001B865E</string>
			</array>
			<key>isa</key>
			<string>PBXSourcesBuildPhase</string>
			<key>runOnlyForDeploymentPostprocessing</key>
			<string>0</string>
		</dict>
		<key>490FF1971B32EC6D001B865E</key>
		<dict>
			<key>buildActionMask</key>
			<string>2147483647</string>
			<key>files</key>
			<array>
				<string>49638C701B32F28D009177FE</string>
			</array>
			<key>isa</key>
			<string>PBXFrameworksBuildPhase</string>
			<key>runOnlyForDeploymentPostprocessing</key>
			<string>0</string>
		</dict>
		<key>490FF1981B32EC6D001B865E</key>
		<dict>
			<key>buildActionMask</key>
			<string>2147483647</string>
			<key>files</key>
			<array>
				<string>490FF1AC1B32EC6D001B865E</string>
				<string>490FF1B11B32EC6D001B865E</string>
				<string>490FF1AE1B32EC6D001B865E</string>
			</array>
			<key>isa</key>
			<string>PBXResourcesBuildPhase</string>
			<key>runOnlyForDeploymentPostprocessing</key>
			<string>0</string>
		</dict>
		<key>490FF1991B32EC6D001B865E</key>
		<dict>
			<key>buildConfigurationList</key>
			<string>490FF1C01B32EC6D001B865E</string>
			<key>buildPhases</key>
			<array>
				<string>490FF1961B32EC6D001B865E</string>
				<string>490FF1971B32EC6D001B865E</string>
				<string>490FF1981B32EC6D001B865E</string>
			</array>
			<key>buildRules</key>
			<array/>
			<key>dependencies</key>
			<array/>
			<key>isa</key>
			<string>PBXNativeTarget</string>
			<key>name</key>
			<string>Test</string>
			<key>productName</key>
			<string>Test</string>
			<key>productReference</key>
			<string>490FF19A1B32EC6D001B865E</string>
			<key>productType</key>
			<string>com.apple.product-type.application</string>
		</dict>
		<key>490FF19A1B32EC6D001B865E</key>
		<dict>
			<key>explicitFileType</key>
			<string>wrapper.application</string>
			<key>includeInIndex</key>
			<string>0</string>
			<key>isa</key>
			<string>PBXFileReference</string>
			<key>path</key>
			<string>Test.app</string>
			<key>sourceTree</key>
			<string>BUILT_PRODUCTS_DIR</string>
		</dict>
		<key>490FF19B1B32EC6D001B865E</key>
		<dict>
			<key>children</key>
			<array>
				<string>490FF19A1B32EC6D001B865E</string>
				<string>490FF1B61B32EC6D001B865E</string>
			</array>
			<key>isa</key>
			<string>PBXGroup</string>
			<key>name</key>
			<string>Products</string>
			<key>sourceTree</key>
			<string>&lt;group&gt;</string>
		</dict>
		<key>490FF19C1B32EC6D001B865E</key>
		<dict>
			<key>children</key>
			<array>
				<string>490FF1A11B32EC6D001B865E</string>
				<string>490FF1A21B32EC6D001B865E</string>
				<string>490FF1A41B32EC6D001B865E</string>
				<string>490FF1A51B32EC6D001B865E</string>
				<string>490FF1A71B32EC6D001B865E</string>
				<string>490FF1A81B32EC6D001B865E</string>
				<string>490FF1AA1B32EC6D001B865E</string>
				<string>490FF1AD1B32EC6D001B865E</string>
				<string>490FF1AF1B32EC6D001B865E</string>
				<string>490FF19D1B32EC6D001B865E</string>
			</array>
			<key>isa</key>
			<string>PBXGroup</string>
			<key>path</key>
			<string>Test</string>
			<key>sourceTree</key>
			<string>&lt;group&gt;</string>
		</dict>
		<key>490FF19D1B32EC6D001B865E</key>
		<dict>
			<key>children</key>
			<array>
				<string>490FF19E1B32EC6D001B865E</string>
				<string>490FF19F1B32EC6D001B865E</string>
			</array>
			<key>isa</key>
			<string>PBXGroup</string>
			<key>name</key>
			<string>Supporting Files</string>
			<key>sourceTree</key>
			<string>&lt;group&gt;</string>
		</dict>
		<key>490FF19E1B32EC6D001B865E</key>
		<dict>
			<key>isa</key>
			<string>PBXFileReference</string>
			<key>lastKnownFileType</key>
			<string>text.plist.xml</string>
			<key>path</key>
			<string>Info.plist</string>
			<key>sourceTree</key>
			<string>&lt;group&gt;</string>
		</dict>
		<key>490FF19F1B32EC6D001B865E</key>
		<dict>
			<key>isa</key>
			<string>PBXFileReference</string>
			<key>lastKnownFileType</key>
			<string>sourcecode.c.objc</string>
			<key>path</key>
			<string>main.m</string>
			<key>sourceTree</key>
			<string>&lt;group&gt;</string>
		</dict>
		<key>490FF1A01B32EC6D001B865E</key>
		<dict>
			<key>fileRef</key>
			<string>490FF19F1B32EC6D001B865E</string>
			<key>isa</key>
			<string>PBXBuildFile</string>
		</dict>
		<key>490FF1A11B32EC6D001B865E</key>
		<dict>
			<key>isa</key>
			<string>PBXFileReference</string>
			<key>lastKnownFileType</key>
			<string>sourcecode.c.h</string>
			<key>path</key>
			<string>AppDelegate.h</string>
			<key>sourceTree</key>
			<string>&lt;group&gt;</string>
		</dict>
		<key>490FF1A21B32EC6D001B865E</key>
		<dict>
			<key>isa</key>
			<string>PBXFileReference</string>
			<key>lastKnownFileType</key>
			<string>sourcecode.c.objc</string>
			<key>path</key>
			<string>AppDelegate.m</string>
			<key>sourceTree</key>
			<string>&lt;group&gt;</string>
		</dict>
		<key>490FF1A31B32EC6D001B865E</key>
		<dict>
			<key>fileRef</key>
			<string>490FF1A21B32EC6D001B865E</string>
			<key>isa</key>
			<string>PBXBuildFile</string>
		</dict>
		<key>490FF1A41B32EC6D001B865E</key>
		<dict>
			<key>isa</key>
			<string>PBXFileReference</string>
			<key>lastKnownFileType</key>
			<string>sourcecode.c.h</string>
			<key>path</key>
			<string>FirstViewController.h</string>
			<key>sourceTree</key>
			<string>&lt;group&gt;</string>
		</dict>
		<key>490FF1A51B32EC6D001B865E</key>
		<dict>
			<key>isa</key>
			<string>PBXFileReference</string>
			<key>lastKnownFileType</key>
			<string>sourcecode.c.objc</string>
			<key>path</key>
			<string>FirstViewController.m</string>
			<key>sourceTree</key>
			<string>&lt;group&gt;</string>
		</dict>
		<key>490FF1A61B32EC6D001B865E</key>
		<dict>
			<key>fileRef</key>
			<string>490FF1A51B32EC6D001B865E</string>
			<key>isa</key>
			<string>PBXBuildFile</string>
		</dict>
		<key>490FF1A71B32EC6D001B865E</key>
		<dict>
			<key>isa</key>
			<string>PBXFileReference</string>
			<key>lastKnownFileType</key>
			<string>sourcecode.c.h</string>
			<key>path</key>
			<string>SecondViewController.h</string>
			<key>sourceTree</key>
			<string>&lt;group&gt;</string>
		</dict>
		<key>490FF1A81B32EC6D001B865E</key>
		<dict>
			<key>isa</key>
			<string>PBXFileReference</string>
			<key>lastKnownFileType</key>
			<string>sourcecode.c.objc</string>
			<key>path</key>
			<string>SecondViewController.m</string>
			<key>sourceTree</key>
			<string>&lt;group&gt;</string>
		</dict>
		<key>490FF1A91B32EC6D001B865E</key>
		<dict>
			<key>fileRef</key>
			<string>490FF1A81B32EC6D001B865E</string>
			<key>isa</key>
			<string>PBXBuildFile</string>
		</dict>
		<key>490FF1AA1B32EC6D001B865E</key>
		<dict>
			<key>children</key>
			<array>
				<string>490FF1AB1B32EC6D001B865E</string>
			</array>
			<key>isa</key>
			<string>PBXVariantGroup</string>
			<key>name</key>
			<string>Main.storyboard</string>
			<key>sourceTree</key>
			<string>&lt;group&gt;</string>
		</dict>
		<key>490FF1AB1B32EC6D001B865E</key>
		<dict>
			<key>isa</key>
			<string>PBXFileReference</string>
			<key>lastKnownFileType</key>
			<string>file.storyboard</string>
			<key>name</key>
			<string>Base</string>
			<key>path</key>
			<string>Base.lproj/Main.storyboard</string>
			<key>sourceTree</key>
			<string>&lt;group&gt;</string>
		</dict>
		<key>490FF1AC1B32EC6D001B865E</key>
		<dict>
			<key>fileRef</key>
			<string>490FF1AA1B32EC6D001B865E</string>
			<key>isa</key>
			<string>PBXBuildFile</string>
		</dict>
		<key>490FF1AD1B32EC6D001B865E</key>
		<dict>
			<key>isa</key>
			<string>PBXFileReference</string>
			<key>lastKnownFileType</key>
			<string>folder.assetcatalog</string>
			<key>path</key>
			<string>Images.xcassets</string>
			<key>sourceTree</key>
			<string>&lt;group&gt;</string>
		</dict>
		<key>490FF1AE1B32EC6D001B865E</key>
		<dict>
			<key>fileRef</key>
			<string>490FF1AD1B32EC6D001B865E</string>
			<key>isa</key>
			<string>PBXBuildFile</string>
		</dict>
		<key>490FF1AF1B32EC6D001B865E</key>
		<dict>
			<key>children</key>
			<array>
				<string>490FF1B01B32EC6D001B865E</string>
			</array>
			<key>isa</key>
			<string>PBXVariantGroup</string>
			<key>name</key>
			<string>LaunchScreen.xib</string>
			<key>sourceTree</key>
			<string>&lt;group&gt;</string>
		</dict>
		<key>490FF1B01B32EC6D001B865E</key>
		<dict>
			<key>isa</key>
			<string>PBXFileReference</string>
			<key>lastKnownFileType</key>
			<string>file.xib</string>
			<key>name</key>
			<string>Base</string>
			<key>path</key>
			<string>Base.lproj/LaunchScreen.xib</string>
			<key>sourceTree</key>
			<string>&lt;group&gt;</string>
		</dict>
		<key>490FF1B11B32EC6D001B865E</key>
		<dict>
			<key>fileRef</key>
			<string>490FF1AF1B32EC6D001B865E</string>
			<key>isa</key>
			<string>PBXBuildFile</string>
		</dict>
		<key>490FF1B21B32EC6D001B865E</key>
		<dict>
			<key>buildActionMask</key>
			<string>2147483647</string>
			<key>files</key>
			<array>
				<string>490FF1BD1B32EC6D001B865E</string>
			</array>
			<key>isa</key>
			<string>PBXSourcesBuildPhase</string>
			<key>runOnlyForDeploymentPostprocessing</key>
			<string>0</string>
		</dict>
		<key>490FF1B31B32EC6D001B865E</key>
		<dict>
			<key>buildActionMask</key>
			<string>2147483647</string>
			<key>files</key>
			<array/>
			<key>isa</key>
			<string>PBXFrameworksBuildPhase</string>
			<key>runOnlyForDeploymentPostprocessing</key>
			<string>0</string>
		</dict>
		<key>490FF1B41B32EC6D001B865E</key>
		<dict>
			<key>buildActionMask</key>
			<string>2147483647</string>
			<key>files</key>
			<array/>
			<key>isa</key>
			<string>PBXResourcesBuildPhase</string>
			<key>runOnlyForDeploymentPostprocessing</key>
			<string>0</string>
		</dict>
		<key>490FF1B51B32EC6D001B865E</key>
		<dict>
			<key>buildConfigurationList</key>
			<string>490FF1C31B32EC6D001B865E</string>
			<key>buildPhases</key>
			<array>
				<string>490FF1B21B32EC6D001B865E</string>
				<string>490FF1B31B32EC6D001B865E</string>
				<string>490FF1B41B32EC6D001B865E</string>
			</array>
			<key>buildRules</key>
			<array/>
			<key>dependencies</key>
			<array>
				<string>490FF1B81B32EC6D001B865E</string>
			</array>
			<key>isa</key>
			<string>PBXNativeTarget</string>
			<key>name</key>
			<string>TestTests</string>
			<key>productName</key>
			<string>TestTests</string>
			<key>productReference</key>
			<string>490FF1B61B32EC6D001B865E</string>
			<key>productType</key>
			<string>com.apple.product-type.bundle.unit-test</string>
		</dict>
		<key>490FF1B61B32EC6D001B865E</key>
		<dict>
			<key>explicitFileType</key>
			<string>wrapper.cfbundle</string>
			<key>includeInIndex</key>
			<string>0</string>
			<key>isa</key>
			<string>PBXFileReference</string>
			<key>path</key>
			<string>TestTests.xctest</string>
			<key>sourceTree</key>
			<string>BUILT_PRODUCTS_DIR</string>
		</dict>
		<key>490FF1B71B32EC6D001B865E</key>
		<dict>
			<key>containerPortal</key>
			<string>490FF1921B32EC6D001B865E</string>
			<key>isa</key>
			<string>PBXContainerItemProxy</string>
			<key>proxyType</key>
			<string>1</string>
			<key>remoteGlobalIDString</key>
			<string>490FF1991B32EC6D001B865E</string>
			<key>remoteInfo</key>
			<string>Test</string>
		</dict>
		<key>490FF1B81B32EC6D001B865E</key>
		<dict>
			<key>isa</key>
			<string>PBXTargetDependency</string>
			<key>target</key>
			<string>490FF1991B32EC6D001B865E</string>
			<key>targetProxy</key>
			<string>490FF1B71B32EC6D001B865E</string>
		</dict>
		<key>490FF1B91B32EC6D001B865E</key>
		<dict>
			<key>children</key>
			<array>
				<string>490FF1BC1B32EC6D001B865E</string>
				<string>490FF1BA1B32EC6D001B865E</string>
			</array>
			<key>isa</key>
			<string>PBXGroup</string>
			<key>path</key>
			<string>TestTests</string>
			<key>sourceTree</key>
			<string>&lt;group&gt;</string>
		</dict>
		<key>490FF1BA1B32EC6D001B865E</key>
		<dict>
			<key>children</key>
			<array>
				<string>490FF1BB1B32EC6D001B865E</string>
			</array>
			<key>isa</key>
			<string>PBXGroup</string>
			<key>name</key>
			<string>Supporting Files</string>
			<key>sourceTree</key>
			<string>&lt;group&gt;</string>
		</dict>
		<key>490FF1BB1B32EC6D001B865E</key>
		<dict>
			<key>isa</key>
			<string>PBXFileReference</string>
			<key>lastKnownFileType</key>
			<string>text.plist.xml</string>
			<key>path</key>
			<string>Info.plist</string>
			<key>sourceTree</key>
			<string>&lt;group&gt;</string>
		</dict>
		<key>490FF1BC1B32EC6D001B865E</key>
		<dict>
			<key>isa</key>
			<string>PBXFileReference</string>
			<key>lastKnownFileType</key>
			<string>sourcecode.c.objc</string>
			<key>path</key>
			<string>TestTests.m</string>
			<key>sourceTree</key>
			<string>&lt;group&gt;</string>
		</dict>
		<key>490FF1BD1B32EC6D001B865E</key>
		<dict>
			<key>fileRef</key>
			<string>490FF1BC1B32EC6D001B865E</string>
			<key>isa</key>
			<string>PBXBuildFile</string>
		</dict>
		<key>490FF1BE1B32EC6D001B865E</key>
		<dict>
			<key>buildSettings</key>
			<dict>
				<key>ALWAYS_SEARCH_USER_PATHS</key>
				<string>NO</string>
				<key>CLANG_CXX_LANGUAGE_STANDARD</key>
				<string>gnu++0x</string>
				<key>CLANG_CXX_LIBRARY</key>
				<string>libc++</string>
				<key>CLANG_ENABLE_MODULES</key>
				<string>YES</string>
				<key>CLANG_ENABLE_OBJC_ARC</key>
				<string>YES</string>
				<key>CLANG_WARN_BOOL_CONVERSION</key>
				<string>YES</string>
				<key>CLANG_WARN_CONSTANT_CONVERSION</key>
				<string>YES</string>
				<key>CLANG_WARN_DIRECT_OBJC_ISA_USAGE</key>
				<string>YES_ERROR</string>
				<key>CLANG_WARN_EMPTY_BODY</key>
				<string>YES</string>
				<key>CLANG_WARN_ENUM_CONVERSION</key>
				<string>YES</string>
				<key>CLANG_WARN_INT_CONVERSION</key>
				<string>YES</string>
				<key>CLANG_WARN_OBJC_ROOT_CLASS</key>
				<string>YES_ERROR</string>
				<key>CLANG_WARN_UNREACHABLE_CODE</key>
				<string>YES</string>
				<key>CLANG_WARN__DUPLICATE_METHOD_MATCH</key>
				<string>YES</string>
				<key>CODE_SIGN_IDENTITY[sdk=iphoneos*]</key>
				<string>iPhone Developer</string>
				<key>COPY_PHASE_STRIP</key>
				<string>NO</string>
				<key>DEBUG_INFORMATION_FORMAT</key>
				<string>dwarf-with-dsym</string>
				<key>ENABLE_STRICT_OBJC_MSGSEND</key>
				<string>YES</string>
				<key>GCC_C_LANGUAGE_STANDARD</key>
				<string>gnu99</string>
				<key>GCC_DYNAMIC_NO_PIC</key>
				<string>NO</string>
				<key>GCC_NO_COMMON_BLOCKS</key>
				<string>YES</string>
				<key>GCC_OPTIMIZATION_LEVEL</key>
				<string>0</string>
				<key>GCC_PREPROCESSOR_DEFINITIONS</key>
				<array>
					<string>DEBUG=1</string>
					<string>$(inherited)</string>
				</array>
				<key>GCC_SYMBOLS_PRIVATE_EXTERN</key>
				<string>NO</string>
				<key>GCC_WARN_64_TO_32_BIT_CONVERSION</key>
				<string>YES</string>
				<key>GCC_WARN_ABOUT_RETURN_TYPE</key>
				<string>YES_ERROR</string>
				<key>GCC_WARN_UNDECLARED_SELECTOR</key>
				<string>YES</string>
				<key>GCC_WARN_UNINITIALIZED_AUTOS</key>
				<string>YES_AGGRESSIVE</string>
				<key>GCC_WARN_UNUSED_FUNCTION</key>
				<string>YES</string>
				<key>GCC_WARN_UNUSED_VARIABLE</key>
				<string>YES</string>
				<key>IPHONEOS_DEPLOYMENT_TARGET</key>
				<string>8.3</string>
				<key>MTL_ENABLE_DEBUG_INFO</key>
				<string>YES</string>
				<key>ONLY_ACTIVE_ARCH</key>
				<string>YES</string>
				<key>SDKROOT</key>
				<string>iphoneos</string>
			</dict>
			<key>isa</key>
			<string>XCBuildConfiguration</string>
			<key>name</key>
			<string>Debug</string>
		</dict>
		<key>490FF1BF1B32EC6D001B865E</key>
		<dict>
			<key>buildSettings</key>
			<dict>
				<key>ALWAYS_SEARCH_USER_PATHS</key>
				<string>NO</string>
				<key>CLANG_CXX_LANGUAGE_STANDARD</key>
				<string>gnu++0x</string>
				<key>CLANG_CXX_LIBRARY</key>
				<string>libc++</string>
				<key>CLANG_ENABLE_MODULES</key>
				<string>YES</string>
				<key>CLANG_ENABLE_OBJC_ARC</key>
				<string>YES</string>
				<key>CLANG_WARN_BOOL_CONVERSION</key>
				<string>YES</string>
				<key>CLANG_WARN_CONSTANT_CONVERSION</key>
				<string>YES</string>
				<key>CLANG_WARN_DIRECT_OBJC_ISA_USAGE</key>
				<string>YES_ERROR</string>
				<key>CLANG_WARN_EMPTY_BODY</key>
				<string>YES</string>
				<key>CLANG_WARN_ENUM_CONVERSION</key>
				<string>YES</string>
				<key>CLANG_WARN_INT_CONVERSION</key>
				<string>YES</string>
				<key>CLANG_WARN_OBJC_ROOT_CLASS</key>
				<string>YES_ERROR</string>
				<key>CLANG_WARN_UNREACHABLE_CODE</key>
				<string>YES</string>
				<key>CLANG_WARN__DUPLICATE_METHOD_MATCH</key>
				<string>YES</string>
				<key>CODE_SIGN_IDENTITY[sdk=iphoneos*]</key>
				<string>iPhone Developer</string>
				<key>COPY_PHASE_STRIP</key>
				<string>NO</string>
				<key>DEBUG_INFORMATION_FORMAT</key>
				<string>dwarf-with-dsym</string>
				<key>ENABLE_NS_ASSERTIONS</key>
				<string>NO</string>
				<key>ENABLE_STRICT_OBJC_MSGSEND</key>
				<string>YES</string>
				<key>GCC_C_LANGUAGE_STANDARD</key>
				<string>gnu99</string>
				<key>GCC_NO_COMMON_BLOCKS</key>
				<string>YES</string>
				<key>GCC_WARN_64_TO_32_BIT_CONVERSION</key>
				<string>YES</string>
				<key>GCC_WARN_ABOUT_RETURN_TYPE</key>
				<string>YES_ERROR</string>
				<key>GCC_WARN_UNDECLARED_SELECTOR</key>
				<string>YES</string>
				<key>GCC_WARN_UNINITIALIZED_AUTOS</key>
				<string>YES_AGGRESSIVE</string>
				<key>GCC_WARN_UNUSED_FUNCTION</key>
				<string>YES</string>
				<key>GCC_WARN_UNUSED_VARIABLE</key>
				<string>YES</string>
				<key>IPHONEOS_DEPLOYMENT_TARGET</key>
				<string>8.3</string>
				<key>MTL_ENABLE_DEBUG_INFO</key>
				<string>NO</string>
				<key>SDKROOT</key>
				<string>iphoneos</string>
				<key>VALIDATE_PRODUCT</key>
				<string>YES</string>
			</dict>
			<key>isa</key>
			<string>XCBuildConfiguration</string>
			<key>name</key>
			<string>Release</string>
		</dict>
		<key>490FF1C01B32EC6D001B865E</key>
		<dict>
			<key>buildConfigurations</key>
			<array>
				<string>490FF1C11B32EC6D001B865E</string>
				<string>490FF1C21B32EC6D001B865E</string>
			</array>
			<key>defaultConfigurationIsVisible</key>
			<string>0</string>
			<key>defaultConfigurationName</key>
			<string>Release</string>
			<key>isa</key>
			<string>XCConfigurationList</string>
		</dict>
		<key>490FF1C11B32EC6D001B865E</key>
		<dict>
			<key>buildSettings</key>
			<dict>
				<key>ASSETCATALOG_COMPILER_APPICON_NAME</key>
				<string>AppIcon</string>
				<key>FRAMEWORK_SEARCH_PATHS</key>
				<array>
					<string>$(inherited)</string>
					<string>$(PROJECT_DIR)</string>
				</array>
				<key>INFOPLIST_FILE</key>
				<string>Test/Info.plist</string>
				<key>LD_RUNPATH_SEARCH_PATHS</key>
				<string>$(inherited) @executable_path/Frameworks</string>
				<key>PRODUCT_NAME</key>
				<string>$(TARGET_NAME)</string>
			</dict>
			<key>isa</key>
			<string>XCBuildConfiguration</string>
			<key>name</key>
			<string>Debug</string>
		</dict>
		<key>490FF1C21B32EC6D001B865E</key>
		<dict>
			<key>buildSettings</key>
			<dict>
				<key>ASSETCATALOG_COMPILER_APPICON_NAME</key>
				<string>AppIcon</string>
				<key>FRAMEWORK_SEARCH_PATHS</key>
				<array>
					<string>$(inherited)</string>
					<string>$(PROJECT_DIR)</string>
				</array>
				<key>INFOPLIST_FILE</key>
				<string>Test/Info.plist</string>
				<key>LD_RUNPATH_SEARCH_PATHS</key>
				<string>$(inherited) @executable_path/Frameworks</string>
				<key>PRODUCT_NAME</key>
				<string>$(TARGET_NAME)</string>
			</dict>
			<key>isa</key>
			<string>XCBuildConfiguration</string>
			<key>name</key>
			<string>Release</string>
		</dict>
		<key>490FF1C31B32EC6D001B865E</key>
		<dict>
			<key>buildConfigurations</key>
			<array>
				<string>490FF1C41B32EC6D001B865E</string>
				<string>490FF1C51B32EC6D001B865E</string>
			</array>
			<key>defaultConfigurationIsVisible</key>
			<string>0</string>
			<key>defaultConfigurationName</key>
			<string>Release</string>
			<key>isa</key>
			<string>XCConfigurationList</string>
		</dict>
		<key>490FF1C41B32EC6D001B865E</key>
		<dict>
			<key>buildSettings</key>
			<dict>
				<key>BUNDLE_LOADER</key>
				<string>$(TEST_HOST)</string>
				<key>FRAMEWORK_SEARCH_PATHS</key>
				<array>
					<string>$(SDKROOT)/Developer/Library/Frameworks</string>
					<string>$(inherited)</string>
				</array>
				<key>GCC_PREPROCESSOR_DEFINITIONS</key>
				<array>
					<string>DEBUG=1</string>
					<string>$(inherited)</string>
				</array>
				<key>INFOPLIST_FILE</key>
				<string>TestTests/Info.plist</string>
				<key>LD_RUNPATH_SEARCH_PATHS</key>
				<string>$(inherited) @executable_path/Frameworks @loader_path/Frameworks</string>
				<key>PRODUCT_NAME</key>
				<string>$(TARGET_NAME)</string>
				<key>TEST_HOST</key>
				<string>$(BUILT_PRODUCTS_DIR)/Test.app/Test</string>
			</dict>
			<key>isa</key>
			<string>XCBuildConfiguration</string>
			<key>name</key>
			<string>Debug</string>
		</dict>
		<key>490FF1C51B32EC6D001B865E</key>
		<dict>
			<key>buildSettings</key>
			<dict>
				<key>BUNDLE_LOADER</key>
				<string>$(TEST_HOST)</string>
				<key>FRAMEWORK_SEARCH_PATHS</key>
				<array>
					<string>$(SDKROOT)/Developer/Library/Frameworks</string>
					<string>$(inherited)</string>
				</array>
				<key>INFOPLIST_FILE</key>
				<string>TestTests/Info.plist</string>
				<key>LD_RUNPATH_SEARCH_PATHS</key>
				<string>$(inherited) @executable_path/Frameworks @loader_path/Frameworks</string>
				<key>PRODUCT_NAME</key>
				<string>$(TARGET_NAME)</string>
				<key>TEST_HOST</key>
				<string>$(BUILT_PRODUCTS_DIR)/Test.app/Test</string>
			</dict>
			<key>isa</key>
			<string>XCBuildConfiguration</string>
			<key>name</key>
			<string>Release</string>
		</dict>
		<key>49638C6F1B32F28D009177FE</key>
		<dict>
			<key>isa</key>
			<string>PBXFileReference</string>
			<key>lastKnownFileType</key>
			<string>wrapper.framework</string>
			<key>path</key>
			<string>calabash.framework</string>
			<key>sourceTree</key>
			<string>&lt;group&gt;</string>
		</dict>
		<key>49638C701B32F28D009177FE</key>
		<dict>
			<key>fileRef</key>
			<string>49638C6F1B32F28D009177FE</string>
			<key>isa</key>
			<string>PBXBuildFile</string>
		</dict>
		<key>49638C711B32F299009177FE</key>
		<dict>
			<key>children</key>
			<array>
				<string>49638C6F1B32F28D009177FE</string>
				<string>3b0849da9238ebf0cf5aa713</string>
			</array>
			<key>isa</key>
			<string>PBXGroup</string>
			<key>name</key>
			<string>Frameworks</string>
			<key>path</key>
			<string></string>
			<key>sourceTree</key>
			<string>&lt;group&gt;</string>
		</dict>
		<key>60ae8b32f549b603c41e141b</key>
		<dict>
			<key>buildConfigurationList</key>
			<string>e994abb350725f97ffa282fb</string>
			<key>buildPhases</key>
			<array>
				<string>33ce4922d09a210c076586ce</string>
				<string>7bfb6a66e7aa1f4971aa376e</string>
				<string>7894aced75530cb57f9ac4fb</string>
			</array>
			<key>buildRules</key>
			<array/>
			<key>dependencies</key>
			<array/>
			<key>isa</key>
			<string>PBXNativeTarget</string>
			<key>name</key>
			<string>Test-cal</string>
			<key>productName</key>
			<string>Test-cal</string>
			<key>productReference</key>
			<string>f735c41bdf8f1eee95f7a26d</string>
			<key>productType</key>
			<string>com.apple.product-type.application</string>
		</dict>
		<key>6e0ab5c0433acc4bf230d50a</key>
		<dict>
			<key>fileRef</key>
			<string>490FF1A81B32EC6D001B865E</string>
			<key>isa</key>
			<string>PBXBuildFile</string>
		</dict>
		<key>7894aced75530cb57f9ac4fb</key>
		<dict>
			<key>buildActionMask</key>
			<string>2147483647</string>
			<key>files</key>
			<array>
				<string>f3469542beff4e2313c9d1d9</string>
				<string>2d54a46bc79d9fcd4ae8dfee</string>
				<string>3cfa0afc6e6dbad0e4caa557</string>
			</array>
			<key>isa</key>
			<string>PBXResourcesBuildPhase</string>
			<key>runOnlyForDeploymentPostprocessing</key>
			<string>0</string>
		</dict>
		<key>7bfb6a66e7aa1f4971aa376e</key>
		<dict>
			<key>buildActionMask</key>
			<string>2147483647</string>
			<key>files</key>
			<array>
				<string>1a7937c57c505f6ceb9e9fa5</string>
				<string>4266d292b7938d5fe8325b11</string>
				<string>49638C701B32F28D009177FE</string>
			</array>
			<key>isa</key>
			<string>PBXFrameworksBuildPhase</string>
			<key>runOnlyForDeploymentPostprocessing</key>
			<string>0</string>
		</dict>
		<key>80b9fead4e7efffb3fe33a00</key>
		<dict>
			<key>fileRef</key>
			<string>490FF19F1B32EC6D001B865E</string>
			<key>isa</key>
			<string>PBXBuildFile</string>
		</dict>
		<key>ace46bb48087aee8896157c0</key>
		<dict>
			<key>buildSettings</key>
			<dict>
				<key>ASSETCATALOG_COMPILER_APPICON_NAME</key>
				<string>AppIcon</string>
				<key>FRAMEWORK_SEARCH_PATHS</key>
				<array>
					<string>$(inherited)</string>
					<string>$(PROJECT_DIR)</string>
					<string>"$(SRCROOT)"</string>
				</array>
				<key>INFOPLIST_FILE</key>
				<string>Test/Info.plist</string>
				<key>LD_RUNPATH_SEARCH_PATHS</key>
				<string>$(inherited) @executable_path/Frameworks</string>
				<key>OTHER_LDFLAGS</key>
				<array>
					<string>$(inherited)</string>
					<string>-force_load</string>
					<string>"$(SRCROOT)/calabash.framework/calabash"</string>
					<string>-lstdc++</string>
				</array>
				<key>PRODUCT_NAME</key>
				<string>$(TARGET_NAME)</string>
			</dict>
			<key>isa</key>
			<string>XCBuildConfiguration</string>
			<key>name</key>
			<string>Release</string>
		</dict>
		<key>df91bb00c21be78b095c4ab1</key>
		<dict>
			<key>fileRef</key>
			<string>490FF1A51B32EC6D001B865E</string>
			<key>isa</key>
			<string>PBXBuildFile</string>
		</dict>
		<key>e994abb350725f97ffa282fb</key>
		<dict>
			<key>buildConfigurations</key>
			<array>
				<string>fbb84a3b6de50419fee6c4ac</string>
				<string>ace46bb48087aee8896157c0</string>
			</array>
			<key>defaultConfigurationIsVisible</key>
			<string>0</string>
			<key>defaultConfigurationName</key>
			<string>Release</string>
			<key>isa</key>
			<string>XCConfigurationList</string>
		</dict>
		<key>f3469542beff4e2313c9d1d9</key>
		<dict>
			<key>fileRef</key>
			<string>490FF1AA1B32EC6D001B865E</string>
			<key>isa</key>
			<string>PBXBuildFile</string>
		</dict>
		<key>f735c41bdf8f1eee95f7a26d</key>
		<dict>
			<key>explicitFileType</key>
			<string>wrapper.application</string>
			<key>includeInIndex</key>
			<string>0</string>
			<key>isa</key>
			<string>PBXFileReference</string>
			<key>path</key>
			<string>Test-cal.app</string>
			<key>sourceTree</key>
			<string>BUILT_PRODUCTS_DIR</string>
		</dict>
		<key>fbb84a3b6de50419fee6c4ac</key>
		<dict>
			<key>buildSettings</key>
			<dict>
				<key>ASSETCATALOG_COMPILER_APPICON_NAME</key>
				<string>AppIcon</string>
				<key>FRAMEWORK_SEARCH_PATHS</key>
				<array>
					<string>$(inherited)</string>
					<string>$(PROJECT_DIR)</string>
					<string>"$(SRCROOT)"</string>
				</array>
				<key>INFOPLIST_FILE</key>
				<string>Test/Info.plist</string>
				<key>LD_RUNPATH_SEARCH_PATHS</key>
				<string>$(inherited) @executable_path/Frameworks</string>
				<key>OTHER_LDFLAGS</key>
				<array>
					<string>$(inherited)</string>
					<string>-force_load</string>
					<string>"$(SRCROOT)/calabash.framework/calabash"</string>
					<string>-lstdc++</string>
				</array>
				<key>PRODUCT_NAME</key>
				<string>$(TARGET_NAME)</string>
			</dict>
			<key>isa</key>
			<string>XCBuildConfiguration</string>
			<key>name</key>
			<string>Debug</string>
		</dict>
	</dict>
	<key>rootObject</key>
	<string>490FF1921B32EC6D001B865E</string>
</dict>
</plist>
